
Microsoft Visual Studio Solution File, Format Version 12.00
# Visual Studio Version 17
VisualStudioVersion = 17.7.34031.279
MinimumVisualStudioVersion = 10.0.40219.1
Project("{8BC9CEB8-8B4A-11D0-8D11-00A0C91BC942}") = "TextureConverter", "TextureConverter.vcxproj", "{7539684E-B117-4786-A1BE-A54A1ABA19F0}"
EndProject
Project("{8BC9CEB8-8B4A-11D0-8D11-00A0C91BC942}") = "DirectXTex", "External\DirectXTex\DirectXTex_Desktop_2022_Win10.vcxproj", "{371B9FA9-4C90-4AC6-A123-ACED756D6C77}"
EndProject
Global
	GlobalSection(SolutionConfigurationPlatforms) = preSolution
		Debug|ARM = Debug|ARM
		Debug|ARM64 = Debug|ARM64
		Debug|x64 = Debug|x64
		Debug|x86 = Debug|x86
		Release|ARM = Release|ARM
		Release|ARM64 = Release|ARM64
		Release|x64 = Release|x64
		Release|x86 = Release|x86
	EndGlobalSection
	GlobalSection(ProjectConfigurationPlatforms) = postSolution
		{7539684E-B117-4786-A1BE-A54A1ABA19F0}.Debug|ARM.ActiveCfg = Debug|x64
		{7539684E-B117-4786-A1BE-A54A1ABA19F0}.Debug|ARM.Build.0 = Debug|x64
		{7539684E-B117-4786-A1BE-A54A1ABA19F0}.Debug|ARM64.ActiveCfg = Debug|x64
		{7539684E-B117-4786-A1BE-A54A1ABA19F0}.Debug|ARM64.Build.0 = Debug|x64
		{7539684E-B117-4786-A1BE-A54A1ABA19F0}.Debug|x64.ActiveCfg = Debug|x64
		{7539684E-B117-4786-A1BE-A54A1ABA19F0}.Debug|x64.Build.0 = Debug|x64
		{7539684E-B117-4786-A1BE-A54A1ABA19F0}.Debug|x86.ActiveCfg = Debug|Win32
		{7539684E-B117-4786-A1BE-A54A1ABA19F0}.Debug|x86.Build.0 = Debug|Win32
		{7539684E-B117-4786-A1BE-A54A1ABA19F0}.Release|ARM.ActiveCfg = Release|x64
		{7539684E-B117-4786-A1BE-A54A1ABA19F0}.Release|ARM.Build.0 = Release|x64
		{7539684E-B117-4786-A1BE-A54A1ABA19F0}.Release|ARM64.ActiveCfg = Release|x64
		{7539684E-B117-4786-A1BE-A54A1ABA19F0}.Release|ARM64.Build.0 = Release|x64
		{7539684E-B117-4786-A1BE-A54A1ABA19F0}.Release|x64.ActiveCfg = Release|x64
		{7539684E-B117-4786-A1BE-A54A1ABA19F0}.Release|x64.Build.0 = Release|x64
		{7539684E-B117-4786-A1BE-A54A1ABA19F0}.Release|x86.ActiveCfg = Release|Win32
		{7539684E-B117-4786-A1BE-A54A1ABA19F0}.Release|x86.Build.0 = Release|Win32
		{371B9FA9-4C90-4AC6-A123-ACED756D6C77}.Debug|ARM.ActiveCfg = Debug|x64
		{371B9FA9-4C90-4AC6-A123-ACED756D6C77}.Debug|ARM.Build.0 = Debug|x64
		{371B9FA9-4C90-4AC6-A123-ACED756D6C77}.Debug|ARM64.ActiveCfg = Debug|x64
		{371B9FA9-4C90-4AC6-A123-ACED756D6C77}.Debug|ARM64.Build.0 = Debug|x64
		{371B9FA9-4C90-4AC6-A123-ACED756D6C77}.Debug|x64.ActiveCfg = Debug|x64
		{371B9FA9-4C90-4AC6-A123-ACED756D6C77}.Debug|x64.Build.0 = Debug|x64
		{371B9FA9-4C90-4AC6-A123-ACED756D6C77}.Debug|x86.ActiveCfg = Debug|x64
		{371B9FA9-4C90-4AC6-A123-ACED756D6C77}.Debug|x86.Build.0 = Debug|x64
		{371B9FA9-4C90-4AC6-A123-ACED756D6C77}.Release|ARM.ActiveCfg = Release|x64
		{371B9FA9-4C90-4AC6-A123-ACED756D6C77}.Release|ARM.Build.0 = Release|x64
		{371B9FA9-4C90-4AC6-A123-ACED756D6C77}.Release|ARM64.ActiveCfg = Release|x64
		{371B9FA9-4C90-4AC6-A123-ACED756D6C77}.Release|ARM64.Build.0 = Release|x64
		{371B9FA9-4C90-4AC6-A123-ACED756D6C77}.Release|x64.ActiveCfg = Release|x64
		{371B9FA9-4C90-4AC6-A123-ACED756D6C77}.Release|x64.Build.0 = Release|x64
		{371B9FA9-4C90-4AC6-A123-ACED756D6C77}.Release|x86.ActiveCfg = Release|x64
		{371B9FA9-4C90-4AC6-A123-ACED756D6C77}.Release|x86.Build.0 = Release|x64
	EndGlobalSection
	GlobalSection(SolutionProperties) = preSolution
		HideSolutionNode = FALSE
	EndGlobalSection
	GlobalSection(ExtensibilityGlobals) = postSolution
		SolutionGuid = {5DB556FF-268E-49E9-A47C-34AC3CE287A0}
	EndGlobalSection
EndGlobal
